
Microsoft Visual Studio Solution File, Format Version 12.00
# Visual Studio 15
VisualStudioVersion = 15.0.28307.1062
MinimumVisualStudioVersion = 10.0.40219.1
Project("{FAE04EC0-301F-11D3-BF4B-00C04F79EFBC}") = "Sample01", "Sample01\Sample01.csproj", "{D961FAB3-8004-4C83-9837-EF1DEA851CFC}"
EndProject
Global
	GlobalSection(SolutionConfigurationPlatforms) = preSolution
		Debug|Any CPU = Debug|Any CPU
		Release|Any CPU = Release|Any CPU
	EndGlobalSection
	GlobalSection(ProjectConfigurationPlatforms) = postSolution
		{D961FAB3-8004-4C83-9837-EF1DEA851CFC}.Debug|Any CPU.ActiveCfg = Debug|Any CPU
		{D961FAB3-8004-4C83-9837-EF1DEA851CFC}.Debug|Any CPU.Build.0 = Debug|Any CPU
		{D961FAB3-8004-4C83-9837-EF1DEA851CFC}.Release|Any CPU.ActiveCfg = Release|Any CPU
		{D961FAB3-8004-4C83-9837-EF1DEA851CFC}.Release|Any CPU.Build.0 = Release|Any CPU
	EndGlobalSection
	GlobalSection(SolutionProperties) = preSolution
		HideSolutionNode = FALSE
	EndGlobalSection
	GlobalSection(ExtensibilityGlobals) = postSolution
		SolutionGuid = {F3B263F8-CD17-4D63-8F59-0FFC588C1F71}
	EndGlobalSection
EndGlobal
